// !$*UTF8*$!
{
	archiveVersion = 1;
	classes = {
	};
	objectVersion = 46;
	objects = {

/* Begin PBXBuildFile section */
		76228F851C7F95A300AE0D19 /* AppDelegate.swift in Sources */ = {isa = PBXBuildFile; fileRef = 76228F841C7F95A300AE0D19 /* AppDelegate.swift */; };
		76228F871C7F95A300AE0D19 /* ViewController.swift in Sources */ = {isa = PBXBuildFile; fileRef = 76228F861C7F95A300AE0D19 /* ViewController.swift */; };
		76228F8A1C7F95A300AE0D19 /* Main.storyboard in Resources */ = {isa = PBXBuildFile; fileRef = 76228F881C7F95A300AE0D19 /* Main.storyboard */; };
		76228F8C1C7F95A300AE0D19 /* Assets.xcassets in Resources */ = {isa = PBXBuildFile; fileRef = 76228F8B1C7F95A300AE0D19 /* Assets.xcassets */; };
		76228F8F1C7F95A300AE0D19 /* LaunchScreen.storyboard in Resources */ = {isa = PBXBuildFile; fileRef = 76228F8D1C7F95A300AE0D19 /* LaunchScreen.storyboard */; };
/* End PBXBuildFile section */

/* Begin PBXFileReference section */
		76228F811C7F95A300AE0D19 /* Game-2048.app */ = {isa = PBXFileReference; explicitFileType = wrapper.application; includeInIndex = 0; path = "Game-2048.app"; sourceTree = BUILT_PRODUCTS_DIR; };
		76228F841C7F95A300AE0D19 /* AppDelegate.swift */ = {isa = PBXFileReference; lastKnownFileType = sourcecode.swift; path = AppDelegate.swift; sourceTree = "<group>"; };
		76228F861C7F95A300AE0D19 /* ViewController.swift */ = {isa = PBXFileReference; lastKnownFileType = sourcecode.swift; path = ViewController.swift; sourceTree = "<group>"; };
		76228F891C7F95A300AE0D19 /* Base */ = {isa = PBXFileReference; lastKnownFileType = file.storyboard; name = Base; path = Base.lproj/Main.storyboard; sourceTree = "<group>"; };
		76228F8B1C7F95A300AE0D19 /* Assets.xcassets */ = {isa = PBXFileReference; lastKnownFileType = folder.assetcatalog; path = Assets.xcassets; sourceTree = "<group>"; };
		76228F8E1C7F95A300AE0D19 /* Base */ = {isa = PBXFileReference; lastKnownFileType = file.storyboard; name = Base; path = Base.lproj/LaunchScreen.storyboard; sourceTree = "<group>"; };
		76228F901C7F95A300AE0D19 /* Info.plist */ = {isa = PBXFileReference; lastKnownFileType = text.plist.xml; path = Info.plist; sourceTree = "<group>"; };
/* End PBXFileReference section */

/* Begin PBXFrameworksBuildPhase section */
		76228F7E1C7F95A300AE0D19 /* Frameworks */ = {
			isa = PBXFrameworksBuildPhase;
			buildActionMask = 2147483647;
			files = (
			);
			runOnlyForDeploymentPostprocessing = 0;
		};
/* End PBXFrameworksBuildPhase section */

/* Begin PBXGroup section */
		76228F781C7F95A300AE0D19 = {
			isa = PBXGroup;
			children = (
				76228F831C7F95A300AE0D19 /* Game-2048 */,
				76228F821C7F95A300AE0D19 /* Products */,
			);
			sourceTree = "<group>";
		};
		76228F821C7F95A300AE0D19 /* Products */ = {
			isa = PBXGroup;
			children = (
				76228F811C7F95A300AE0D19 /* Game-2048.app */,
			);
			name = Products;
			sourceTree = "<group>";
		};
		76228F831C7F95A300AE0D19 /* Game-2048 */ = {
			isa = PBXGroup;
			children = (
				76228F841C7F95A300AE0D19 /* AppDelegate.swift */,
				76228F861C7F95A300AE0D19 /* ViewController.swift */,
				76228F881C7F95A300AE0D19 /* Main.storyboard */,
				76228F8B1C7F95A300AE0D19 /* Assets.xcassets */,
				76228F8D1C7F95A300AE0D19 /* LaunchScreen.storyboard */,
				76228F901C7F95A300AE0D19 /* Info.plist */,
			);
			path = "Game-2048";
			sourceTree = "<group>";
		};
/* End PBXGroup section */

/* Begin PBXNativeTarget section */
		76228F801C7F95A300AE0D19 /* Game-2048 */ = {
			isa = PBXNativeTarget;
			buildConfigurationList = 76228F931C7F95A300AE0D19 /* Build configuration list for PBXNativeTarget "Game-2048" */;
			buildPhases = (
				76228F7D1C7F95A300AE0D19 /* Sources */,
				76228F7E1C7F95A300AE0D19 /* Frameworks */,
				76228F7F1C7F95A300AE0D19 /* Resources */,
			);
			buildRules = (
			);
			dependencies = (
			);
			name = "Game-2048";
			productName = "Game-2048";
			productReference = 76228F811C7F95A300AE0D19 /* Game-2048.app */;
			productType = "com.apple.product-type.application";
		};
/* End PBXNativeTarget section */

/* Begin PBXProject section */
		76228F791C7F95A300AE0D19 /* Project object */ = {
			isa = PBXProject;
			attributes = {
				LastSwiftUpdateCheck = 0720;
				LastUpgradeCheck = 0720;
				ORGANIZATIONNAME = "Amita Pai";
				TargetAttributes = {
					76228F801C7F95A300AE0D19 = {
						CreatedOnToolsVersion = 7.2.1;
						DevelopmentTeam = ZF4K82D9WH;
					};
				};
			};
			buildConfigurationList = 76228F7C1C7F95A300AE0D19 /* Build configuration list for PBXProject "Game-2048" */;
			compatibilityVersion = "Xcode 3.2";
			developmentRegion = English;
			hasScannedForEncodings = 0;
			knownRegions = (
				en,
				Base,
			);
			mainGroup = 76228F781C7F95A300AE0D19;
			productRefGroup = 76228F821C7F95A300AE0D19 /* Products */;
			projectDirPath = "";
			projectRoot = "";
			targets = (
				76228F801C7F95A300AE0D19 /* Game-2048 */,
			);
		};
/* End PBXProject section */

/* Begin PBXResourcesBuildPhase section */
		76228F7F1C7F95A300AE0D19 /* Resources */ = {
			isa = PBXResourcesBuildPhase;
			buildActionMask = 2147483647;
			files = (
				76228F8F1C7F95A300AE0D19 /* LaunchScreen.storyboard in Resources */,
				76228F8C1C7F95A300AE0D19 /* Assets.xcassets in Resources */,
				76228F8A1C7F95A300AE0D19 /* Main.storyboard in Resources */,
			);
			runOnlyForDeploymentPostprocessing = 0;
		};
/* End PBXResourcesBuildPhase section */

/* Begin PBXSourcesBuildPhase section */
		76228F7D1C7F95A300AE0D19 /* Sources */ = {
			isa = PBXSourcesBuildPhase;
			buildActionMask = 2147483647;
			files = (
				76228F871C7F95A300AE0D19 /* ViewController.swift in Sources */,
				76228F851C7F95A300AE0D19 /* AppDelegate.swift in Sources */,
			);
			runOnlyForDeploymentPostprocessing = 0;
		};
/* End PBXSourcesBuildPhase section */

/* Begin PBXVariantGroup section */
		76228F881C7F95A300AE0D19 /* Main.storyboard */ = {
			isa = PBXVariantGroup;
			children = (
				76228F891C7F95A300AE0D19 /* Base */,
			);
			name = Main.storyboard;
			sourceTree = "<group>";
		};
		76228F8D1C7F95A300AE0D19 /* LaunchScreen.storyboard */ = {
			isa = PBXVariantGroup;
			children = (
				76228F8E1C7F95A300AE0D19 /* Base */,
			);
			name = LaunchScreen.storyboard;
			sourceTree = "<group>";
		};
/* End PBXVariantGroup section */

/* Begin XCBuildConfiguration section */
		76228F911C7F95A300AE0D19 /* Debug */ = {
			isa = XCBuildConfiguration;
			buildSettings = {
				ALWAYS_SEARCH_USER_PATHS = NO;
				CLANG_CXX_LANGUAGE_STANDARD = "gnu++0x";
				CLANG_CXX_LIBRARY = "libc++";
				CLANG_ENABLE_MODULES = YES;
				CLANG_ENABLE_OBJC_ARC = YES;
				CLANG_WARN_BOOL_CONVERSION = YES;
				CLANG_WARN_CONSTANT_CONVERSION = YES;
				CLANG_WARN_DIRECT_OBJC_ISA_USAGE = YES_ERROR;
				CLANG_WARN_EMPTY_BODY = YES;
				CLANG_WARN_ENUM_CONVERSION = YES;
				CLANG_WARN_INT_CONVERSION = YES;
				CLANG_WARN_OBJC_ROOT_CLASS = YES_ERROR;
				CLANG_WARN_UNREACHABLE_CODE = YES;
				CLANG_WARN__DUPLICATE_METHOD_MATCH = YES;
				"CODE_SIGN_IDENTITY[sdk=iphoneos*]" = "iPhone Developer";
				COPY_PHASE_STRIP = NO;
				DEBUG_INFORMATION_FORMAT = dwarf;
				ENABLE_STRICT_OBJC_MSGSEND = YES;
				ENABLE_TESTABILITY = YES;
				GCC_C_LANGUAGE_STANDARD = gnu99;
				GCC_DYNAMIC_NO_PIC = NO;
				GCC_NO_COMMON_BLOCKS = YES;
				GCC_OPTIMIZATION_LEVEL = 0;
				GCC_PREPROCESSOR_DEFINITIONS = (
					"DEBUG=1",
					"$(inherited)",
				);
				GCC_WARN_64_TO_32_BIT_CONVERSION = YES;
				GCC_WARN_ABOUT_RETURN_TYPE = YES_ERROR;
				GCC_WARN_UNDECLARED_SELECTOR = YES;
				GCC_WARN_UNINITIALIZED_AUTOS = YES_AGGRESSIVE;
				GCC_WARN_UNUSED_FUNCTION = YES;
				GCC_WARN_UNUSED_VARIABLE = YES;
				IPHONEOS_DEPLOYMENT_TARGET = 9.2;
				MTL_ENABLE_DEBUG_INFO = YES;
				ONLY_ACTIVE_ARCH = YES;
				SDKROOT = iphoneos;
				SWIFT_OPTIMIZATION_LEVEL = "-Onone";
				TARGETED_DEVICE_FAMILY = "1,2";
			};
			name = Debug;
		};
		76228F921C7F95A300AE0D19 /* Release */ = {
			isa = XCBuildConfiguration;
			buildSettings = {
				ALWAYS_SEARCH_USER_PATHS = NO;
				CLANG_CXX_LANGUAGE_STANDARD = "gnu++0x";
				CLANG_CXX_LIBRARY = "libc++";
				CLANG_ENABLE_MODULES = YES;
				CLANG_ENABLE_OBJC_ARC = YES;
				CLANG_WARN_BOOL_CONVERSION = YES;
				CLANG_WARN_CONSTANT_CONVERSION = YES;
				CLANG_WARN_DIRECT_OBJC_ISA_USAGE = YES_ERROR;
				CLANG_WARN_EMPTY_BODY = YES;
				CLANG_WARN_ENUM_CONVERSION = YES;
				CLANG_WARN_INT_CONVERSION = YES;
				CLANG_WARN_OBJC_ROOT_CLASS = YES_ERROR;
				CLANG_WARN_UNREACHABLE_CODE = YES;
				CLANG_WARN__DUPLICATE_METHOD_MATCH = YES;
				"CODE_SIGN_IDENTITY[sdk=iphoneos*]" = "iPhone Developer";
				COPY_PHASE_STRIP = NO;
				DEBUG_INFORMATION_FORMAT = "dwarf-with-dsym";
				ENABLE_NS_ASSERTIONS = NO;
				ENABLE_STRICT_OBJC_MSGSEND = YES;
				GCC_C_LANGUAGE_STANDARD = gnu99;
				GCC_NO_COMMON_BLOCKS = YES;
				GCC_WARN_64_TO_32_BIT_CONVERSION = YES;
				GCC_WARN_ABOUT_RETURN_TYPE = YES_ERROR;
				GCC_WARN_UNDECLARED_SELECTOR = YES;
				GCC_WARN_UNINITIALIZED_AUTOS = YES_AGGRESSIVE;
				GCC_WARN_UNUSED_FUNCTION = YES;
				GCC_WARN_UNUSED_VARIABLE = YES;
				IPHONEOS_DEPLOYMENT_TARGET = 9.2;
				MTL_ENABLE_DEBUG_INFO = NO;
				SDKROOT = iphoneos;
				TARGETED_DEVICE_FAMILY = "1,2";
				VALIDATE_PRODUCT = YES;
			};
			name = Release;
		};
		76228F941C7F95A300AE0D19 /* Debug */ = {
			isa = XCBuildConfiguration;
			buildSettings = {
				ASSETCATALOG_COMPILER_APPICON_NAME = AppIcon;
				INFOPLIST_FILE = "Game-2048/Info.plist";
				LD_RUNPATH_SEARCH_PATHS = "$(inherited) @executable_path/Frameworks";
				PRODUCT_BUNDLE_IDENTIFIER = "com.home.Game-2048";
				PRODUCT_NAME = "$(TARGET_NAME)";
			};
			name = Debug;
		};
		76228F951C7F95A300AE0D19 /* Release */ = {
			isa = XCBuildConfiguration;
			buildSettings = {
				ASSETCATALOG_COMPILER_APPICON_NAME = AppIcon;
				INFOPLIST_FILE = "Game-2048/Info.plist";
				LD_RUNPATH_SEARCH_PATHS = "$(inherited) @executable_path/Frameworks";
				PRODUCT_BUNDLE_IDENTIFIER = "com.home.Game-2048";
				PRODUCT_NAME = "$(TARGET_NAME)";
			};
			name = Release;
		};
/* End XCBuildConfiguration section */

/* Begin XCConfigurationList section */
		76228F7C1C7F95A300AE0D19 /* Build configuration list for PBXProject "Game-2048" */ = {
			isa = XCConfigurationList;
			buildConfigurations = (
				76228F911C7F95A300AE0D19 /* Debug */,
				76228F921C7F95A300AE0D19 /* Release */,
			);
			defaultConfigurationIsVisible = 0;
			defaultConfigurationName = Release;
		};
		76228F931C7F95A300AE0D19 /* Build configuration list for PBXNativeTarget "Game-2048" */ = {
			isa = XCConfigurationList;
			buildConfigurations = (
				76228F941C7F95A300AE0D19 /* Debug */,
				76228F951C7F95A300AE0D19 /* Release */,
			);
			defaultConfigurationIsVisible = 0;
		};
/* End XCConfigurationList section */
	};
	rootObject = 76228F791C7F95A300AE0D19 /* Project object */;
}
